
Microsoft Visual Studio Solution File, Format Version 12.00
# Visual Studio Version 16
VisualStudioVersion = 16.0.30804.86
MinimumVisualStudioVersion = 10.0.40219.1
Project("{FAE04EC0-301F-11D3-BF4B-00C04F79EFBC}") = "Entities", "Entities\Entities.csproj", "{A963212F-281F-4AB3-BE2C-FAF058035F2D}"
EndProject
Project("{FAE04EC0-301F-11D3-BF4B-00C04F79EFBC}") = "DataAccess", "DataAccess\DataAccess.csproj", "{2D7C608A-E5C8-442A-A759-EE800EEA82DB}"
EndProject
Project("{FAE04EC0-301F-11D3-BF4B-00C04F79EFBC}") = "Business", "Business\Business.csproj", "{759128C7-D926-4F83-B38D-5AE4556CD293}"
EndProject
Project("{FAE04EC0-301F-11D3-BF4B-00C04F79EFBC}") = "ConsoleUI", "ConsoleUI\ConsoleUI.csproj", "{D52AD49A-633C-4683-A59E-F0B6967C9F40}"
EndProject
Global
	GlobalSection(SolutionConfigurationPlatforms) = preSolution
		Debug|Any CPU = Debug|Any CPU
		Release|Any CPU = Release|Any CPU
	EndGlobalSection
	GlobalSection(ProjectConfigurationPlatforms) = postSolution
		{A963212F-281F-4AB3-BE2C-FAF058035F2D}.Debug|Any CPU.ActiveCfg = Debug|Any CPU
		{A963212F-281F-4AB3-BE2C-FAF058035F2D}.Debug|Any CPU.Build.0 = Debug|Any CPU
		{A963212F-281F-4AB3-BE2C-FAF058035F2D}.Release|Any CPU.ActiveCfg = Release|Any CPU
		{A963212F-281F-4AB3-BE2C-FAF058035F2D}.Release|Any CPU.Build.0 = Release|Any CPU
		{2D7C608A-E5C8-442A-A759-EE800EEA82DB}.Debug|Any CPU.ActiveCfg = Debug|Any CPU
		{2D7C608A-E5C8-442A-A759-EE800EEA82DB}.Debug|Any CPU.Build.0 = Debug|Any CPU
		{2D7C608A-E5C8-442A-A759-EE800EEA82DB}.Release|Any CPU.ActiveCfg = Release|Any CPU
		{2D7C608A-E5C8-442A-A759-EE800EEA82DB}.Release|Any CPU.Build.0 = Release|Any CPU
		{759128C7-D926-4F83-B38D-5AE4556CD293}.Debug|Any CPU.ActiveCfg = Debug|Any CPU
		{759128C7-D926-4F83-B38D-5AE4556CD293}.Debug|Any CPU.Build.0 = Debug|Any CPU
		{759128C7-D926-4F83-B38D-5AE4556CD293}.Release|Any CPU.ActiveCfg = Release|Any CPU
		{759128C7-D926-4F83-B38D-5AE4556CD293}.Release|Any CPU.Build.0 = Release|Any CPU
		{D52AD49A-633C-4683-A59E-F0B6967C9F40}.Debug|Any CPU.ActiveCfg = Debug|Any CPU
		{D52AD49A-633C-4683-A59E-F0B6967C9F40}.Debug|Any CPU.Build.0 = Debug|Any CPU
		{D52AD49A-633C-4683-A59E-F0B6967C9F40}.Release|Any CPU.ActiveCfg = Release|Any CPU
		{D52AD49A-633C-4683-A59E-F0B6967C9F40}.Release|Any CPU.Build.0 = Release|Any CPU
	EndGlobalSection
	GlobalSection(SolutionProperties) = preSolution
		HideSolutionNode = FALSE
	EndGlobalSection
	GlobalSection(ExtensibilityGlobals) = postSolution
		SolutionGuid = {8F3E6797-5AD4-4B7F-AD83-BA142DD80AA5}
	EndGlobalSection
EndGlobal
